
Microsoft Visual Studio Solution File, Format Version 12.00
# Visual Studio 2012
Project("{FAE04EC0-301F-11D3-BF4B-00C04F79EFBC}") = "reaktor", "reaktor.csproj", "{4AA7884F-DF23-40F9-BDB0-B524B910A127}"
EndProject
Project("{FAE04EC0-301F-11D3-BF4B-00C04F79EFBC}") = "reaktor-legacy", "..\reaktor-legacy\reaktor-legacy.csproj", "{7A134D2F-32B1-454C-98B0-3AEE5D89503F}"
EndProject
Global
	GlobalSection(SolutionConfigurationPlatforms) = preSolution
		Debug|Any CPU = Debug|Any CPU
		Release|Any CPU = Release|Any CPU
	EndGlobalSection
	GlobalSection(ProjectConfigurationPlatforms) = postSolution
		{4AA7884F-DF23-40F9-BDB0-B524B910A127}.Debug|Any CPU.ActiveCfg = Debug|Any CPU
		{4AA7884F-DF23-40F9-BDB0-B524B910A127}.Debug|Any CPU.Build.0 = Debug|Any CPU
		{4AA7884F-DF23-40F9-BDB0-B524B910A127}.Release|Any CPU.ActiveCfg = Release|Any CPU
		{4AA7884F-DF23-40F9-BDB0-B524B910A127}.Release|Any CPU.Build.0 = Release|Any CPU
		{7A134D2F-32B1-454C-98B0-3AEE5D89503F}.Debug|Any CPU.ActiveCfg = Debug|Any CPU
		{7A134D2F-32B1-454C-98B0-3AEE5D89503F}.Debug|Any CPU.Build.0 = Debug|Any CPU
		{7A134D2F-32B1-454C-98B0-3AEE5D89503F}.Release|Any CPU.ActiveCfg = Release|Any CPU
		{7A134D2F-32B1-454C-98B0-3AEE5D89503F}.Release|Any CPU.Build.0 = Release|Any CPU
	EndGlobalSection
	GlobalSection(SolutionProperties) = preSolution
		HideSolutionNode = FALSE
	EndGlobalSection
EndGlobal
